
Microsoft Visual Studio Solution File, Format Version 12.00
# Visual Studio Version 16
VisualStudioVersion = 16.0.32126.315
MinimumVisualStudioVersion = 10.0.40219.1
Project("{FAE04EC0-301F-11D3-BF4B-00C04F79EFBC}") = "Lesson2", "Lesson2\Lesson2.csproj", "{0243A970-AE9A-4E2F-90DC-BC2B2231EA95}"
EndProject
Project("{FAE04EC0-301F-11D3-BF4B-00C04F79EFBC}") = "Lesson3", "Lesson3\Lesson3.csproj", "{11A03FA9-5913-47D3-9C4A-F068D36F25A7}"
EndProject
Global
	GlobalSection(SolutionConfigurationPlatforms) = preSolution
		Debug|Any CPU = Debug|Any CPU
		Release|Any CPU = Release|Any CPU
	EndGlobalSection
	GlobalSection(ProjectConfigurationPlatforms) = postSolution
		{0243A970-AE9A-4E2F-90DC-BC2B2231EA95}.Debug|Any CPU.ActiveCfg = Debug|Any CPU
		{0243A970-AE9A-4E2F-90DC-BC2B2231EA95}.Debug|Any CPU.Build.0 = Debug|Any CPU
		{0243A970-AE9A-4E2F-90DC-BC2B2231EA95}.Release|Any CPU.ActiveCfg = Release|Any CPU
		{0243A970-AE9A-4E2F-90DC-BC2B2231EA95}.Release|Any CPU.Build.0 = Release|Any CPU
		{11A03FA9-5913-47D3-9C4A-F068D36F25A7}.Debug|Any CPU.ActiveCfg = Debug|Any CPU
		{11A03FA9-5913-47D3-9C4A-F068D36F25A7}.Debug|Any CPU.Build.0 = Debug|Any CPU
		{11A03FA9-5913-47D3-9C4A-F068D36F25A7}.Release|Any CPU.ActiveCfg = Release|Any CPU
		{11A03FA9-5913-47D3-9C4A-F068D36F25A7}.Release|Any CPU.Build.0 = Release|Any CPU
	EndGlobalSection
	GlobalSection(SolutionProperties) = preSolution
		HideSolutionNode = FALSE
	EndGlobalSection
	GlobalSection(ExtensibilityGlobals) = postSolution
		SolutionGuid = {14035EA9-61EE-4026-8128-D28DF0BFC04D}
	EndGlobalSection
EndGlobal
